# This file is automatically @generated by Cargo.
# It is not intended for manual editing.
version = 3

[[package]]
name = "bitflags"
version = "2.3.1"
source = "registry+https://github.com/rust-lang/crates.io-index"
checksum = "6776fc96284a0bb647b615056fc496d1fe1644a7ab01829818a6d91cae888b84"

[[package]]
name = "service"
version = "0.1.0"
dependencies = [
 "service-bindings",
 "wit-bindgen",
]

[[package]]
name = "service-bindings"
version = "0.1.0"
dependencies = [
 "wit-bindgen",
]

[[package]]
name = "wit-bindgen"
version = "0.8.0"
source = "registry+https://github.com/rust-lang/crates.io-index"
checksum = "392d16e9e46cc7ca98125bc288dd5e4db469efe8323d3e0dac815ca7f2398522"
dependencies = [
 "bitflags",
]
