# This file is automatically @generated by Cargo.
# It is not intended for manual editing.
version = 3

[[package]]
name = "bitflags"
version = "2.4.1"
source = "registry+https://github.com/rust-lang/crates.io-index"
checksum = "327762f6e5a765692301e5bb513e0d9fef63be86bbc14528052b1cd3e6f03e07"

[[package]]
name = "service"
version = "0.1.0"
dependencies = [
 "wit-bindgen",
]

[[package]]
name = "wit-bindgen"
version = "0.16.0"
source = "registry+https://github.com/rust-lang/crates.io-index"
checksum = "b76f1d099678b4f69402a421e888bbe71bf20320c2f3f3565d0e7484dbe5bc20"
dependencies = [
 "bitflags",
]
