# This file is automatically @generated by Cargo.
# It is not intended for manual editing.
version = 3

[[package]]
name = "backend"
version = "0.1.0"
dependencies = [
 "wit-bindgen-rust",
]

[[package]]
name = "bitflags"
version = "1.3.2"
source = "registry+https://github.com/rust-lang/crates.io-index"
checksum = "bef38d45163c2f1dde094a7dfd33ccf595c92905c8f8f4fdc18d06fb1037718a"

[[package]]
name = "cache"
version = "0.1.0"
dependencies = [
 "wit-bindgen-rust",
]

[[package]]
name = "origin"
version = "0.1.0"
dependencies = [
 "wit-bindgen-rust",
]

[[package]]
name = "service"
version = "0.1.0"
dependencies = [
 "backend",
 "cache",
 "origin",
 "wit-bindgen-rust",
]

[[package]]
name = "wit-bindgen-rust"
version = "0.1.0"
source = "git+https://github.com/bytecodealliance/wit-bindgen#8080af243cda15447cb5ead8001cbf0098e12540"
dependencies = [
 "bitflags",
]
